
Microsoft Visual Studio Solution File, Format Version 12.00
# Visual Studio Version 16
VisualStudioVersion = 16.0.30225.117
MinimumVisualStudioVersion = 10.0.40219.1
Project("{FAE04EC0-301F-11D3-BF4B-00C04F79EFBC}") = "GreenVsRed", "GreenVsRed\GreenVsRed.csproj", "{B112BCA3-5CE7-4975-8F6E-FC6A2BD6610B}"
EndProject
Global
	GlobalSection(SolutionConfigurationPlatforms) = preSolution
		Debug|Any CPU = Debug|Any CPU
		Release|Any CPU = Release|Any CPU
	EndGlobalSection
	GlobalSection(ProjectConfigurationPlatforms) = postSolution
		{B112BCA3-5CE7-4975-8F6E-FC6A2BD6610B}.Debug|Any CPU.ActiveCfg = Debug|Any CPU
		{B112BCA3-5CE7-4975-8F6E-FC6A2BD6610B}.Debug|Any CPU.Build.0 = Debug|Any CPU
		{B112BCA3-5CE7-4975-8F6E-FC6A2BD6610B}.Release|Any CPU.ActiveCfg = Release|Any CPU
		{B112BCA3-5CE7-4975-8F6E-FC6A2BD6610B}.Release|Any CPU.Build.0 = Release|Any CPU
	EndGlobalSection
	GlobalSection(SolutionProperties) = preSolution
		HideSolutionNode = FALSE
	EndGlobalSection
	GlobalSection(ExtensibilityGlobals) = postSolution
		SolutionGuid = {B86E0A43-D3D6-48ED-8783-CBF9063CF8D3}
	EndGlobalSection
EndGlobal
